
Microsoft Visual Studio Solution File, Format Version 12.00
# Visual Studio 15
VisualStudioVersion = 15.0.27703.2026
MinimumVisualStudioVersion = 10.0.40219.1
Project("{FAE04EC0-301F-11D3-BF4B-00C04F79EFBC}") = "ConsoleApp", "ConsoleApp.csproj", "{36E069B4-01A6-4E98-A486-1AF9B80F8E71}"
EndProject
Global
	GlobalSection(SolutionConfigurationPlatforms) = preSolution
		Debug|Any CPU = Debug|Any CPU
		Release|Any CPU = Release|Any CPU
	EndGlobalSection
	GlobalSection(ProjectConfigurationPlatforms) = postSolution
		{36E069B4-01A6-4E98-A486-1AF9B80F8E71}.Debug|Any CPU.ActiveCfg = Debug|Any CPU
		{36E069B4-01A6-4E98-A486-1AF9B80F8E71}.Debug|Any CPU.Build.0 = Debug|Any CPU
		{36E069B4-01A6-4E98-A486-1AF9B80F8E71}.Release|Any CPU.ActiveCfg = Release|Any CPU
		{36E069B4-01A6-4E98-A486-1AF9B80F8E71}.Release|Any CPU.Build.0 = Release|Any CPU
	EndGlobalSection
	GlobalSection(SolutionProperties) = preSolution
		HideSolutionNode = FALSE
	EndGlobalSection
	GlobalSection(ExtensibilityGlobals) = postSolution
		SolutionGuid = {230B2162-5F44-4DBF-B76E-5F96F71C2DE9}
	EndGlobalSection
EndGlobal
