
Microsoft Visual Studio Solution File, Format Version 12.00
# Visual Studio 15
VisualStudioVersion = 15.0.27703.2026
MinimumVisualStudioVersion = 10.0.40219.1
Project("{FAE04EC0-301F-11D3-BF4B-00C04F79EFBC}") = "webapi", "webapi\webapi.csproj", "{13D04B01-4543-43A2-ADE1-6E184B3EFB8E}"
EndProject
Global
	GlobalSection(SolutionConfigurationPlatforms) = preSolution
		Debug|Any CPU = Debug|Any CPU
		Release|Any CPU = Release|Any CPU
	EndGlobalSection
	GlobalSection(ProjectConfigurationPlatforms) = postSolution
		{13D04B01-4543-43A2-ADE1-6E184B3EFB8E}.Debug|Any CPU.ActiveCfg = Debug|Any CPU
		{13D04B01-4543-43A2-ADE1-6E184B3EFB8E}.Debug|Any CPU.Build.0 = Debug|Any CPU
		{13D04B01-4543-43A2-ADE1-6E184B3EFB8E}.Release|Any CPU.ActiveCfg = Release|Any CPU
		{13D04B01-4543-43A2-ADE1-6E184B3EFB8E}.Release|Any CPU.Build.0 = Release|Any CPU
	EndGlobalSection
	GlobalSection(SolutionProperties) = preSolution
		HideSolutionNode = FALSE
	EndGlobalSection
	GlobalSection(ExtensibilityGlobals) = postSolution
		SolutionGuid = {F796F744-A9D7-41F6-9FFE-F57D14916714}
	EndGlobalSection
EndGlobal
