
Microsoft Visual Studio Solution File, Format Version 12.00
# Visual Studio 15
VisualStudioVersion = 15.0.27004.2005
MinimumVisualStudioVersion = 10.0.40219.1
Project("{FAE04EC0-301F-11D3-BF4B-00C04F79EFBC}") = "Test", "Test\Test.csproj", "{9FB7F4F7-A302-49E0-9461-DCDDC58CB7CE}"
EndProject
Project("{FAE04EC0-301F-11D3-BF4B-00C04F79EFBC}") = "DBLib", "DBLib\DBLib.csproj", "{DA3A5C20-C04E-461F-A2D0-BFBD23C89B0C}"
EndProject
Global
	GlobalSection(SolutionConfigurationPlatforms) = preSolution
		Debug|Any CPU = Debug|Any CPU
		Release|Any CPU = Release|Any CPU
	EndGlobalSection
	GlobalSection(ProjectConfigurationPlatforms) = postSolution
		{9FB7F4F7-A302-49E0-9461-DCDDC58CB7CE}.Debug|Any CPU.ActiveCfg = Debug|Any CPU
		{9FB7F4F7-A302-49E0-9461-DCDDC58CB7CE}.Debug|Any CPU.Build.0 = Debug|Any CPU
		{9FB7F4F7-A302-49E0-9461-DCDDC58CB7CE}.Release|Any CPU.ActiveCfg = Release|Any CPU
		{9FB7F4F7-A302-49E0-9461-DCDDC58CB7CE}.Release|Any CPU.Build.0 = Release|Any CPU
		{DA3A5C20-C04E-461F-A2D0-BFBD23C89B0C}.Debug|Any CPU.ActiveCfg = Debug|Any CPU
		{DA3A5C20-C04E-461F-A2D0-BFBD23C89B0C}.Debug|Any CPU.Build.0 = Debug|Any CPU
		{DA3A5C20-C04E-461F-A2D0-BFBD23C89B0C}.Release|Any CPU.ActiveCfg = Release|Any CPU
		{DA3A5C20-C04E-461F-A2D0-BFBD23C89B0C}.Release|Any CPU.Build.0 = Release|Any CPU
	EndGlobalSection
	GlobalSection(SolutionProperties) = preSolution
		HideSolutionNode = FALSE
	EndGlobalSection
	GlobalSection(ExtensibilityGlobals) = postSolution
		SolutionGuid = {B506DD19-F027-432C-87B3-389F3AE23374}
	EndGlobalSection
EndGlobal
