
Microsoft Visual Studio Solution File, Format Version 12.00
# Visual Studio 15
VisualStudioVersion = 15.0.26730.12
MinimumVisualStudioVersion = 10.0.40219.1
Project("{FAE04EC0-301F-11D3-BF4B-00C04F79EFBC}") = "DAL", "DAL\DAL.csproj", "{59863949-2175-4484-ACAA-BE8A4E372586}"
EndProject
Project("{FAE04EC0-301F-11D3-BF4B-00C04F79EFBC}") = "BLL", "BLL\BLL.csproj", "{A8CF7DE7-2FC8-44EB-810F-FDDFCE7FA786}"
EndProject
Project("{FAE04EC0-301F-11D3-BF4B-00C04F79EFBC}") = "Factory", "Factory\Factory.csproj", "{574AA0EC-9F21-4C03-9D58-FC755C80346D}"
EndProject
Project("{FAE04EC0-301F-11D3-BF4B-00C04F79EFBC}") = "Model", "Model\Model.csproj", "{060C67A6-C629-4141-B7F8-F9BA57E39E5A}"
EndProject
Project("{FAE04EC0-301F-11D3-BF4B-00C04F79EFBC}") = "SqlHelper", "SqlHelper\SqlHelper.csproj", "{B7E7841E-8FAB-4E51-B206-EB000ED248FD}"
EndProject
Project("{FAE04EC0-301F-11D3-BF4B-00C04F79EFBC}") = "Test", "Test\Test.csproj", "{9FB7F4F7-A302-49E0-9461-DCDDC58CB7CE}"
EndProject
Global
	GlobalSection(SolutionConfigurationPlatforms) = preSolution
		Debug|Any CPU = Debug|Any CPU
		Release|Any CPU = Release|Any CPU
	EndGlobalSection
	GlobalSection(ProjectConfigurationPlatforms) = postSolution
		{59863949-2175-4484-ACAA-BE8A4E372586}.Debug|Any CPU.ActiveCfg = Debug|Any CPU
		{59863949-2175-4484-ACAA-BE8A4E372586}.Debug|Any CPU.Build.0 = Debug|Any CPU
		{59863949-2175-4484-ACAA-BE8A4E372586}.Release|Any CPU.ActiveCfg = Release|Any CPU
		{59863949-2175-4484-ACAA-BE8A4E372586}.Release|Any CPU.Build.0 = Release|Any CPU
		{A8CF7DE7-2FC8-44EB-810F-FDDFCE7FA786}.Debug|Any CPU.ActiveCfg = Debug|Any CPU
		{A8CF7DE7-2FC8-44EB-810F-FDDFCE7FA786}.Debug|Any CPU.Build.0 = Debug|Any CPU
		{A8CF7DE7-2FC8-44EB-810F-FDDFCE7FA786}.Release|Any CPU.ActiveCfg = Release|Any CPU
		{A8CF7DE7-2FC8-44EB-810F-FDDFCE7FA786}.Release|Any CPU.Build.0 = Release|Any CPU
		{574AA0EC-9F21-4C03-9D58-FC755C80346D}.Debug|Any CPU.ActiveCfg = Debug|Any CPU
		{574AA0EC-9F21-4C03-9D58-FC755C80346D}.Debug|Any CPU.Build.0 = Debug|Any CPU
		{574AA0EC-9F21-4C03-9D58-FC755C80346D}.Release|Any CPU.ActiveCfg = Release|Any CPU
		{574AA0EC-9F21-4C03-9D58-FC755C80346D}.Release|Any CPU.Build.0 = Release|Any CPU
		{060C67A6-C629-4141-B7F8-F9BA57E39E5A}.Debug|Any CPU.ActiveCfg = Debug|Any CPU
		{060C67A6-C629-4141-B7F8-F9BA57E39E5A}.Debug|Any CPU.Build.0 = Debug|Any CPU
		{060C67A6-C629-4141-B7F8-F9BA57E39E5A}.Release|Any CPU.ActiveCfg = Release|Any CPU
		{060C67A6-C629-4141-B7F8-F9BA57E39E5A}.Release|Any CPU.Build.0 = Release|Any CPU
		{B7E7841E-8FAB-4E51-B206-EB000ED248FD}.Debug|Any CPU.ActiveCfg = Debug|Any CPU
		{B7E7841E-8FAB-4E51-B206-EB000ED248FD}.Debug|Any CPU.Build.0 = Debug|Any CPU
		{B7E7841E-8FAB-4E51-B206-EB000ED248FD}.Release|Any CPU.ActiveCfg = Release|Any CPU
		{B7E7841E-8FAB-4E51-B206-EB000ED248FD}.Release|Any CPU.Build.0 = Release|Any CPU
		{9FB7F4F7-A302-49E0-9461-DCDDC58CB7CE}.Debug|Any CPU.ActiveCfg = Debug|Any CPU
		{9FB7F4F7-A302-49E0-9461-DCDDC58CB7CE}.Debug|Any CPU.Build.0 = Debug|Any CPU
		{9FB7F4F7-A302-49E0-9461-DCDDC58CB7CE}.Release|Any CPU.ActiveCfg = Release|Any CPU
		{9FB7F4F7-A302-49E0-9461-DCDDC58CB7CE}.Release|Any CPU.Build.0 = Release|Any CPU
	EndGlobalSection
	GlobalSection(SolutionProperties) = preSolution
		HideSolutionNode = FALSE
	EndGlobalSection
	GlobalSection(ExtensibilityGlobals) = postSolution
		SolutionGuid = {B506DD19-F027-432C-87B3-389F3AE23374}
	EndGlobalSection
EndGlobal
